
Microsoft Visual Studio Solution File, Format Version 12.00
# Visual Studio 15
VisualStudioVersion = 15.0.26124.0
MinimumVisualStudioVersion = 15.0.26124.0
Project("{FAE04EC0-301F-11D3-BF4B-00C04F79EFBC}") = "Minsk", "Minsk\Minsk.csproj", "{EDF71D14-696C-4E57-AE49-DB8D1C583983}"
EndProject
Project("{FAE04EC0-301F-11D3-BF4B-00C04F79EFBC}") = "mc", "mc\mc.csproj", "{1DFDA2E1-6711-409E-8B0A-6E10FCD5CB24}"
EndProject
Project("{FAE04EC0-301F-11D3-BF4B-00C04F79EFBC}") = "Minsk.Tests", "Minsk.Tests\Minsk.Tests.csproj", "{2F2D796E-9700-4FDC-9C91-9C73EED96554}"
EndProject
Global
	GlobalSection(SolutionConfigurationPlatforms) = preSolution
		Debug|Any CPU = Debug|Any CPU
		Debug|x64 = Debug|x64
		Debug|x86 = Debug|x86
		Release|Any CPU = Release|Any CPU
		Release|x64 = Release|x64
		Release|x86 = Release|x86
	EndGlobalSection
	GlobalSection(SolutionProperties) = preSolution
		HideSolutionNode = FALSE
	EndGlobalSection
	GlobalSection(ProjectConfigurationPlatforms) = postSolution
		{EDF71D14-696C-4E57-AE49-DB8D1C583983}.Debug|Any CPU.ActiveCfg = Debug|Any CPU
		{EDF71D14-696C-4E57-AE49-DB8D1C583983}.Debug|Any CPU.Build.0 = Debug|Any CPU
		{EDF71D14-696C-4E57-AE49-DB8D1C583983}.Debug|x64.ActiveCfg = Debug|Any CPU
		{EDF71D14-696C-4E57-AE49-DB8D1C583983}.Debug|x64.Build.0 = Debug|Any CPU
		{EDF71D14-696C-4E57-AE49-DB8D1C583983}.Debug|x86.ActiveCfg = Debug|Any CPU
		{EDF71D14-696C-4E57-AE49-DB8D1C583983}.Debug|x86.Build.0 = Debug|Any CPU
		{EDF71D14-696C-4E57-AE49-DB8D1C583983}.Release|Any CPU.ActiveCfg = Release|Any CPU
		{EDF71D14-696C-4E57-AE49-DB8D1C583983}.Release|Any CPU.Build.0 = Release|Any CPU
		{EDF71D14-696C-4E57-AE49-DB8D1C583983}.Release|x64.ActiveCfg = Release|Any CPU
		{EDF71D14-696C-4E57-AE49-DB8D1C583983}.Release|x64.Build.0 = Release|Any CPU
		{EDF71D14-696C-4E57-AE49-DB8D1C583983}.Release|x86.ActiveCfg = Release|Any CPU
		{EDF71D14-696C-4E57-AE49-DB8D1C583983}.Release|x86.Build.0 = Release|Any CPU
		{1DFDA2E1-6711-409E-8B0A-6E10FCD5CB24}.Debug|Any CPU.ActiveCfg = Debug|Any CPU
		{1DFDA2E1-6711-409E-8B0A-6E10FCD5CB24}.Debug|Any CPU.Build.0 = Debug|Any CPU
		{1DFDA2E1-6711-409E-8B0A-6E10FCD5CB24}.Debug|x64.ActiveCfg = Debug|Any CPU
		{1DFDA2E1-6711-409E-8B0A-6E10FCD5CB24}.Debug|x64.Build.0 = Debug|Any CPU
		{1DFDA2E1-6711-409E-8B0A-6E10FCD5CB24}.Debug|x86.ActiveCfg = Debug|Any CPU
		{1DFDA2E1-6711-409E-8B0A-6E10FCD5CB24}.Debug|x86.Build.0 = Debug|Any CPU
		{1DFDA2E1-6711-409E-8B0A-6E10FCD5CB24}.Release|Any CPU.ActiveCfg = Release|Any CPU
		{1DFDA2E1-6711-409E-8B0A-6E10FCD5CB24}.Release|Any CPU.Build.0 = Release|Any CPU
		{1DFDA2E1-6711-409E-8B0A-6E10FCD5CB24}.Release|x64.ActiveCfg = Release|Any CPU
		{1DFDA2E1-6711-409E-8B0A-6E10FCD5CB24}.Release|x64.Build.0 = Release|Any CPU
		{1DFDA2E1-6711-409E-8B0A-6E10FCD5CB24}.Release|x86.ActiveCfg = Release|Any CPU
		{1DFDA2E1-6711-409E-8B0A-6E10FCD5CB24}.Release|x86.Build.0 = Release|Any CPU
		{2F2D796E-9700-4FDC-9C91-9C73EED96554}.Debug|Any CPU.ActiveCfg = Debug|Any CPU
		{2F2D796E-9700-4FDC-9C91-9C73EED96554}.Debug|Any CPU.Build.0 = Debug|Any CPU
		{2F2D796E-9700-4FDC-9C91-9C73EED96554}.Debug|x64.ActiveCfg = Debug|Any CPU
		{2F2D796E-9700-4FDC-9C91-9C73EED96554}.Debug|x64.Build.0 = Debug|Any CPU
		{2F2D796E-9700-4FDC-9C91-9C73EED96554}.Debug|x86.ActiveCfg = Debug|Any CPU
		{2F2D796E-9700-4FDC-9C91-9C73EED96554}.Debug|x86.Build.0 = Debug|Any CPU
		{2F2D796E-9700-4FDC-9C91-9C73EED96554}.Release|Any CPU.ActiveCfg = Release|Any CPU
		{2F2D796E-9700-4FDC-9C91-9C73EED96554}.Release|Any CPU.Build.0 = Release|Any CPU
		{2F2D796E-9700-4FDC-9C91-9C73EED96554}.Release|x64.ActiveCfg = Release|Any CPU
		{2F2D796E-9700-4FDC-9C91-9C73EED96554}.Release|x64.Build.0 = Release|Any CPU
		{2F2D796E-9700-4FDC-9C91-9C73EED96554}.Release|x86.ActiveCfg = Release|Any CPU
		{2F2D796E-9700-4FDC-9C91-9C73EED96554}.Release|x86.Build.0 = Release|Any CPU
	EndGlobalSection
EndGlobal
